
Microsoft Visual Studio Solution File, Format Version 12.00
# Visual Studio Version 17
VisualStudioVersion = 17.10.34902.84
MinimumVisualStudioVersion = 10.0.40219.1
Project("{FAE04EC0-301F-11D3-BF4B-00C04F79EFBC}") = "PruebaTenicaTodos", "PruebaTenicaTodos.csproj", "{B82888DB-48F9-4B27-9685-CE6B0C3F562E}"
EndProject
Global
	GlobalSection(SolutionConfigurationPlatforms) = preSolution
		Debug|Any CPU = Debug|Any CPU
		Release|Any CPU = Release|Any CPU
	EndGlobalSection
	GlobalSection(ProjectConfigurationPlatforms) = postSolution
		{B82888DB-48F9-4B27-9685-CE6B0C3F562E}.Debug|Any CPU.ActiveCfg = Debug|Any CPU
		{B82888DB-48F9-4B27-9685-CE6B0C3F562E}.Debug|Any CPU.Build.0 = Debug|Any CPU
		{B82888DB-48F9-4B27-9685-CE6B0C3F562E}.Release|Any CPU.ActiveCfg = Release|Any CPU
		{B82888DB-48F9-4B27-9685-CE6B0C3F562E}.Release|Any CPU.Build.0 = Release|Any CPU
	EndGlobalSection
	GlobalSection(SolutionProperties) = preSolution
		HideSolutionNode = FALSE
	EndGlobalSection
	GlobalSection(ExtensibilityGlobals) = postSolution
		SolutionGuid = {99795785-D3A6-4DD4-9965-F36AF7835833}
	EndGlobalSection
EndGlobal
